// !$*UTF8*$!
{
	archiveVersion = 1;
	classes = {
	};
	objectVersion = 50;
	objects = {

/* Begin PBXBuildFile section */
		5D398F7C21EB468F009800EB /* String+Convert.swift in Sources */ = {isa = PBXBuildFile; fileRef = 5D398F7B21EB468F009800EB /* String+Convert.swift */; };
		5D9BF1D321E5D59B002E386B /* Map.storyboard in Resources */ = {isa = PBXBuildFile; fileRef = 5D9BF1D221E5D59B002E386B /* Map.storyboard */; };
		5D9BF1D521E5D5AA002E386B /* MapProtocols.swift in Sources */ = {isa = PBXBuildFile; fileRef = 5D9BF1D421E5D5AA002E386B /* MapProtocols.swift */; };
		5D9BF1D721E5D5C1002E386B /* MapView.swift in Sources */ = {isa = PBXBuildFile; fileRef = 5D9BF1D621E5D5C1002E386B /* MapView.swift */; };
		5D9BF1D921E5D5CF002E386B /* MapPresenter.swift in Sources */ = {isa = PBXBuildFile; fileRef = 5D9BF1D821E5D5CF002E386B /* MapPresenter.swift */; };
		5D9BF1DB21E5D5DB002E386B /* MapModel.swift in Sources */ = {isa = PBXBuildFile; fileRef = 5D9BF1DA21E5D5DB002E386B /* MapModel.swift */; };
		5DD494E021E10AAC002D0614 /* AppDelegate.swift in Sources */ = {isa = PBXBuildFile; fileRef = 5DD494DF21E10AAC002D0614 /* AppDelegate.swift */; };
		5DD494E221E10AAC002D0614 /* MainView.swift in Sources */ = {isa = PBXBuildFile; fileRef = 5DD494E121E10AAC002D0614 /* MainView.swift */; };
		5DD494E521E10AAC002D0614 /* Main.storyboard in Resources */ = {isa = PBXBuildFile; fileRef = 5DD494E321E10AAC002D0614 /* Main.storyboard */; };
		5DD494E721E10AAF002D0614 /* Assets.xcassets in Resources */ = {isa = PBXBuildFile; fileRef = 5DD494E621E10AAF002D0614 /* Assets.xcassets */; };
		5DD494EA21E10AAF002D0614 /* LaunchScreen.storyboard in Resources */ = {isa = PBXBuildFile; fileRef = 5DD494E821E10AAF002D0614 /* LaunchScreen.storyboard */; };
		5DD494F321E10BEA002D0614 /* Product.swift in Sources */ = {isa = PBXBuildFile; fileRef = 5DD494F221E10BEA002D0614 /* Product.swift */; };
		5DD494F821E129D2002D0614 /* NetworkManager.swift in Sources */ = {isa = PBXBuildFile; fileRef = 5DD494F721E129D2002D0614 /* NetworkManager.swift */; };
		5DD494FB21E142AD002D0614 /* MainPresenter.swift in Sources */ = {isa = PBXBuildFile; fileRef = 5DD494FA21E142AD002D0614 /* MainPresenter.swift */; };
		5DD494FD21E142B9002D0614 /* MainModel.swift in Sources */ = {isa = PBXBuildFile; fileRef = 5DD494FC21E142B9002D0614 /* MainModel.swift */; };
		5DD4950B21E14D49002D0614 /* MainProtocols.swift in Sources */ = {isa = PBXBuildFile; fileRef = 5DD4950A21E14D49002D0614 /* MainProtocols.swift */; };
		5DD4950E21E16366002D0614 /* StringTableViewCell.swift in Sources */ = {isa = PBXBuildFile; fileRef = 5DD4950D21E16366002D0614 /* StringTableViewCell.swift */; };
		5DD4951021E1637E002D0614 /* BoolTableViewCell.swift in Sources */ = {isa = PBXBuildFile; fileRef = 5DD4950F21E1637E002D0614 /* BoolTableViewCell.swift */; };
		5DD4951221E16388002D0614 /* ButtonTableViewCell.swift in Sources */ = {isa = PBXBuildFile; fileRef = 5DD4951121E16388002D0614 /* ButtonTableViewCell.swift */; };
		5DD4951421E163CD002D0614 /* ImageTableViewCell.swift in Sources */ = {isa = PBXBuildFile; fileRef = 5DD4951321E163CD002D0614 /* ImageTableViewCell.swift */; };
		5DD4951F21E16B6D002D0614 /* ButtonModel.swift in Sources */ = {isa = PBXBuildFile; fileRef = 5DD4951E21E16B6D002D0614 /* ButtonModel.swift */; };
		5DD4952321E16B98002D0614 /* ImageModel.swift in Sources */ = {isa = PBXBuildFile; fileRef = 5DD4952221E16B98002D0614 /* ImageModel.swift */; };
		5DD4952721E16BB6002D0614 /* BoolModel.swift in Sources */ = {isa = PBXBuildFile; fileRef = 5DD4952621E16BB6002D0614 /* BoolModel.swift */; };
		5DD4952B21E16BCA002D0614 /* StringModel.swift in Sources */ = {isa = PBXBuildFile; fileRef = 5DD4952A21E16BCA002D0614 /* StringModel.swift */; };
		5DD4952D21E16DDB002D0614 /* CellProtocols.swift in Sources */ = {isa = PBXBuildFile; fileRef = 5DD4952C21E16DDB002D0614 /* CellProtocols.swift */; };
		5DD4953521E1743C002D0614 /* ButtonPresenter.swift in Sources */ = {isa = PBXBuildFile; fileRef = 5DD4953421E1743C002D0614 /* ButtonPresenter.swift */; };
		5DD4953721E175EA002D0614 /* ImagePresenter.swift in Sources */ = {isa = PBXBuildFile; fileRef = 5DD4953621E175EA002D0614 /* ImagePresenter.swift */; };
		5DD4953921E17601002D0614 /* BoolPresenter.swift in Sources */ = {isa = PBXBuildFile; fileRef = 5DD4953821E17601002D0614 /* BoolPresenter.swift */; };
		5DD4953B21E17621002D0614 /* StringPresenter.swift in Sources */ = {isa = PBXBuildFile; fileRef = 5DD4953A21E17621002D0614 /* StringPresenter.swift */; };
		5DD4953D21E17CAA002D0614 /* Section.swift in Sources */ = {isa = PBXBuildFile; fileRef = 5DD4953C21E17CAA002D0614 /* Section.swift */; };
/* End PBXBuildFile section */

/* Begin PBXFileReference section */
		5D398F7B21EB468F009800EB /* String+Convert.swift */ = {isa = PBXFileReference; lastKnownFileType = sourcecode.swift; path = "String+Convert.swift"; sourceTree = "<group>"; };
		5D9BF1D221E5D59B002E386B /* Map.storyboard */ = {isa = PBXFileReference; lastKnownFileType = file.storyboard; path = Map.storyboard; sourceTree = "<group>"; };
		5D9BF1D421E5D5AA002E386B /* MapProtocols.swift */ = {isa = PBXFileReference; lastKnownFileType = sourcecode.swift; path = MapProtocols.swift; sourceTree = "<group>"; };
		5D9BF1D621E5D5C1002E386B /* MapView.swift */ = {isa = PBXFileReference; lastKnownFileType = sourcecode.swift; path = MapView.swift; sourceTree = "<group>"; };
		5D9BF1D821E5D5CF002E386B /* MapPresenter.swift */ = {isa = PBXFileReference; lastKnownFileType = sourcecode.swift; path = MapPresenter.swift; sourceTree = "<group>"; };
		5D9BF1DA21E5D5DB002E386B /* MapModel.swift */ = {isa = PBXFileReference; lastKnownFileType = sourcecode.swift; path = MapModel.swift; sourceTree = "<group>"; };
		5DD494DC21E10AAC002D0614 /* testApplication.app */ = {isa = PBXFileReference; explicitFileType = wrapper.application; includeInIndex = 0; path = testApplication.app; sourceTree = BUILT_PRODUCTS_DIR; };
		5DD494DF21E10AAC002D0614 /* AppDelegate.swift */ = {isa = PBXFileReference; lastKnownFileType = sourcecode.swift; path = AppDelegate.swift; sourceTree = "<group>"; };
		5DD494E121E10AAC002D0614 /* MainView.swift */ = {isa = PBXFileReference; lastKnownFileType = sourcecode.swift; path = MainView.swift; sourceTree = "<group>"; };
		5DD494E421E10AAC002D0614 /* Base */ = {isa = PBXFileReference; lastKnownFileType = file.storyboard; name = Base; path = Base.lproj/Main.storyboard; sourceTree = "<group>"; };
		5DD494E621E10AAF002D0614 /* Assets.xcassets */ = {isa = PBXFileReference; lastKnownFileType = folder.assetcatalog; path = Assets.xcassets; sourceTree = "<group>"; };
		5DD494E921E10AAF002D0614 /* Base */ = {isa = PBXFileReference; lastKnownFileType = file.storyboard; name = Base; path = Base.lproj/LaunchScreen.storyboard; sourceTree = "<group>"; };
		5DD494EB21E10AAF002D0614 /* Info.plist */ = {isa = PBXFileReference; lastKnownFileType = text.plist.xml; path = Info.plist; sourceTree = "<group>"; };
		5DD494F221E10BEA002D0614 /* Product.swift */ = {isa = PBXFileReference; lastKnownFileType = sourcecode.swift; path = Product.swift; sourceTree = "<group>"; };
		5DD494F721E129D2002D0614 /* NetworkManager.swift */ = {isa = PBXFileReference; lastKnownFileType = sourcecode.swift; path = NetworkManager.swift; sourceTree = "<group>"; };
		5DD494FA21E142AD002D0614 /* MainPresenter.swift */ = {isa = PBXFileReference; lastKnownFileType = sourcecode.swift; path = MainPresenter.swift; sourceTree = "<group>"; };
		5DD494FC21E142B9002D0614 /* MainModel.swift */ = {isa = PBXFileReference; lastKnownFileType = sourcecode.swift; path = MainModel.swift; sourceTree = "<group>"; };
		5DD4950A21E14D49002D0614 /* MainProtocols.swift */ = {isa = PBXFileReference; lastKnownFileType = sourcecode.swift; path = MainProtocols.swift; sourceTree = "<group>"; };
		5DD4950D21E16366002D0614 /* StringTableViewCell.swift */ = {isa = PBXFileReference; lastKnownFileType = sourcecode.swift; path = StringTableViewCell.swift; sourceTree = "<group>"; };
		5DD4950F21E1637E002D0614 /* BoolTableViewCell.swift */ = {isa = PBXFileReference; lastKnownFileType = sourcecode.swift; path = BoolTableViewCell.swift; sourceTree = "<group>"; };
		5DD4951121E16388002D0614 /* ButtonTableViewCell.swift */ = {isa = PBXFileReference; lastKnownFileType = sourcecode.swift; path = ButtonTableViewCell.swift; sourceTree = "<group>"; };
		5DD4951321E163CD002D0614 /* ImageTableViewCell.swift */ = {isa = PBXFileReference; lastKnownFileType = sourcecode.swift; path = ImageTableViewCell.swift; sourceTree = "<group>"; };
		5DD4951E21E16B6D002D0614 /* ButtonModel.swift */ = {isa = PBXFileReference; lastKnownFileType = sourcecode.swift; path = ButtonModel.swift; sourceTree = "<group>"; };
		5DD4952221E16B98002D0614 /* ImageModel.swift */ = {isa = PBXFileReference; lastKnownFileType = sourcecode.swift; path = ImageModel.swift; sourceTree = "<group>"; };
		5DD4952621E16BB6002D0614 /* BoolModel.swift */ = {isa = PBXFileReference; lastKnownFileType = sourcecode.swift; path = BoolModel.swift; sourceTree = "<group>"; };
		5DD4952A21E16BCA002D0614 /* StringModel.swift */ = {isa = PBXFileReference; lastKnownFileType = sourcecode.swift; path = StringModel.swift; sourceTree = "<group>"; };
		5DD4952C21E16DDB002D0614 /* CellProtocols.swift */ = {isa = PBXFileReference; lastKnownFileType = sourcecode.swift; path = CellProtocols.swift; sourceTree = "<group>"; };
		5DD4953421E1743C002D0614 /* ButtonPresenter.swift */ = {isa = PBXFileReference; lastKnownFileType = sourcecode.swift; path = ButtonPresenter.swift; sourceTree = "<group>"; };
		5DD4953621E175EA002D0614 /* ImagePresenter.swift */ = {isa = PBXFileReference; lastKnownFileType = sourcecode.swift; path = ImagePresenter.swift; sourceTree = "<group>"; };
		5DD4953821E17601002D0614 /* BoolPresenter.swift */ = {isa = PBXFileReference; lastKnownFileType = sourcecode.swift; path = BoolPresenter.swift; sourceTree = "<group>"; };
		5DD4953A21E17621002D0614 /* StringPresenter.swift */ = {isa = PBXFileReference; lastKnownFileType = sourcecode.swift; path = StringPresenter.swift; sourceTree = "<group>"; };
		5DD4953C21E17CAA002D0614 /* Section.swift */ = {isa = PBXFileReference; lastKnownFileType = sourcecode.swift; path = Section.swift; sourceTree = "<group>"; };
/* End PBXFileReference section */

/* Begin PBXFrameworksBuildPhase section */
		5DD494D921E10AAC002D0614 /* Frameworks */ = {
			isa = PBXFrameworksBuildPhase;
			buildActionMask = 2147483647;
			files = (
			);
			runOnlyForDeploymentPostprocessing = 0;
		};
/* End PBXFrameworksBuildPhase section */

/* Begin PBXGroup section */
		5D398F7A21EB4678009800EB /* extensions */ = {
			isa = PBXGroup;
			children = (
				5D398F7B21EB468F009800EB /* String+Convert.swift */,
			);
			path = extensions;
			sourceTree = "<group>";
		};
		5DD494D321E10AAC002D0614 = {
			isa = PBXGroup;
			children = (
				5DD494DE21E10AAC002D0614 /* testApplication */,
				5DD494DD21E10AAC002D0614 /* Products */,
			);
			sourceTree = "<group>";
		};
		5DD494DD21E10AAC002D0614 /* Products */ = {
			isa = PBXGroup;
			children = (
				5DD494DC21E10AAC002D0614 /* testApplication.app */,
			);
			name = Products;
			sourceTree = "<group>";
		};
		5DD494DE21E10AAC002D0614 /* testApplication */ = {
			isa = PBXGroup;
			children = (
				5D398F7A21EB4678009800EB /* extensions */,
				5DD4950C21E15EBA002D0614 /* tableCells */,
				5DD494F621E12838002D0614 /* managers */,
				5DD494F121E10BBB002D0614 /* entities */,
				5DD494F921E1427D002D0614 /* modules */,
				5DD494DF21E10AAC002D0614 /* AppDelegate.swift */,
				5DD494E621E10AAF002D0614 /* Assets.xcassets */,
				5DD494E821E10AAF002D0614 /* LaunchScreen.storyboard */,
				5DD494EB21E10AAF002D0614 /* Info.plist */,
			);
			path = testApplication;
			sourceTree = "<group>";
		};
		5DD494F121E10BBB002D0614 /* entities */ = {
			isa = PBXGroup;
			children = (
				5DD494F221E10BEA002D0614 /* Product.swift */,
			);
			path = entities;
			sourceTree = "<group>";
		};
		5DD494F621E12838002D0614 /* managers */ = {
			isa = PBXGroup;
			children = (
				5DD494F721E129D2002D0614 /* NetworkManager.swift */,
			);
			path = managers;
			sourceTree = "<group>";
		};
		5DD494F921E1427D002D0614 /* modules */ = {
			isa = PBXGroup;
			children = (
				5DD4951521E167F1002D0614 /* map */,
				5DD4950921E14590002D0614 /* main */,
			);
			path = modules;
			sourceTree = "<group>";
		};
		5DD4950921E14590002D0614 /* main */ = {
			isa = PBXGroup;
			children = (
				5DD494E321E10AAC002D0614 /* Main.storyboard */,
				5DD4950A21E14D49002D0614 /* MainProtocols.swift */,
				5DD494E121E10AAC002D0614 /* MainView.swift */,
				5DD494FA21E142AD002D0614 /* MainPresenter.swift */,
				5DD494FC21E142B9002D0614 /* MainModel.swift */,
			);
			path = main;
			sourceTree = "<group>";
		};
		5DD4950C21E15EBA002D0614 /* tableCells */ = {
			isa = PBXGroup;
			children = (
				5DD4952C21E16DDB002D0614 /* CellProtocols.swift */,
				5DD4953C21E17CAA002D0614 /* Section.swift */,
				5DD4951B21E16B0D002D0614 /* button */,
				5DD4951A21E16B03002D0614 /* image */,
				5DD4951921E16AFD002D0614 /* bool */,
				5DD4951821E16AF6002D0614 /* string */,
			);
			path = tableCells;
			sourceTree = "<group>";
		};
		5DD4951521E167F1002D0614 /* map */ = {
			isa = PBXGroup;
			children = (
				5D9BF1D221E5D59B002E386B /* Map.storyboard */,
				5D9BF1D421E5D5AA002E386B /* MapProtocols.swift */,
				5D9BF1D621E5D5C1002E386B /* MapView.swift */,
				5D9BF1D821E5D5CF002E386B /* MapPresenter.swift */,
				5D9BF1DA21E5D5DB002E386B /* MapModel.swift */,
			);
			path = map;
			sourceTree = "<group>";
		};
		5DD4951821E16AF6002D0614 /* string */ = {
			isa = PBXGroup;
			children = (
				5DD4950D21E16366002D0614 /* StringTableViewCell.swift */,
				5DD4952A21E16BCA002D0614 /* StringModel.swift */,
				5DD4953A21E17621002D0614 /* StringPresenter.swift */,
			);
			path = string;
			sourceTree = "<group>";
		};
		5DD4951921E16AFD002D0614 /* bool */ = {
			isa = PBXGroup;
			children = (
				5DD4950F21E1637E002D0614 /* BoolTableViewCell.swift */,
				5DD4952621E16BB6002D0614 /* BoolModel.swift */,
				5DD4953821E17601002D0614 /* BoolPresenter.swift */,
			);
			path = bool;
			sourceTree = "<group>";
		};
		5DD4951A21E16B03002D0614 /* image */ = {
			isa = PBXGroup;
			children = (
				5DD4951321E163CD002D0614 /* ImageTableViewCell.swift */,
				5DD4952221E16B98002D0614 /* ImageModel.swift */,
				5DD4953621E175EA002D0614 /* ImagePresenter.swift */,
			);
			path = image;
			sourceTree = "<group>";
		};
		5DD4951B21E16B0D002D0614 /* button */ = {
			isa = PBXGroup;
			children = (
				5DD4951121E16388002D0614 /* ButtonTableViewCell.swift */,
				5DD4953421E1743C002D0614 /* ButtonPresenter.swift */,
				5DD4951E21E16B6D002D0614 /* ButtonModel.swift */,
			);
			path = button;
			sourceTree = "<group>";
		};
/* End PBXGroup section */

/* Begin PBXNativeTarget section */
		5DD494DB21E10AAC002D0614 /* testApplication */ = {
			isa = PBXNativeTarget;
			buildConfigurationList = 5DD494EE21E10AAF002D0614 /* Build configuration list for PBXNativeTarget "testApplication" */;
			buildPhases = (
				5DD494D821E10AAC002D0614 /* Sources */,
				5DD494D921E10AAC002D0614 /* Frameworks */,
				5DD494DA21E10AAC002D0614 /* Resources */,
			);
			buildRules = (
			);
			dependencies = (
			);
			name = testApplication;
			productName = testApplication;
			productReference = 5DD494DC21E10AAC002D0614 /* testApplication.app */;
			productType = "com.apple.product-type.application";
		};
/* End PBXNativeTarget section */

/* Begin PBXProject section */
		5DD494D421E10AAC002D0614 /* Project object */ = {
			isa = PBXProject;
			attributes = {
				LastSwiftUpdateCheck = 1010;
				LastUpgradeCheck = 1010;
				ORGANIZATIONNAME = "варя";
				TargetAttributes = {
					5DD494DB21E10AAC002D0614 = {
						CreatedOnToolsVersion = 10.1;
					};
				};
			};
			buildConfigurationList = 5DD494D721E10AAC002D0614 /* Build configuration list for PBXProject "testApplication" */;
			compatibilityVersion = "Xcode 9.3";
			developmentRegion = en;
			hasScannedForEncodings = 0;
			knownRegions = (
				en,
				Base,
			);
			mainGroup = 5DD494D321E10AAC002D0614;
			productRefGroup = 5DD494DD21E10AAC002D0614 /* Products */;
			projectDirPath = "";
			projectRoot = "";
			targets = (
				5DD494DB21E10AAC002D0614 /* testApplication */,
			);
		};
/* End PBXProject section */

/* Begin PBXResourcesBuildPhase section */
		5DD494DA21E10AAC002D0614 /* Resources */ = {
			isa = PBXResourcesBuildPhase;
			buildActionMask = 2147483647;
			files = (
				5DD494EA21E10AAF002D0614 /* LaunchScreen.storyboard in Resources */,
				5DD494E721E10AAF002D0614 /* Assets.xcassets in Resources */,
				5DD494E521E10AAC002D0614 /* Main.storyboard in Resources */,
				5D9BF1D321E5D59B002E386B /* Map.storyboard in Resources */,
			);
			runOnlyForDeploymentPostprocessing = 0;
		};
/* End PBXResourcesBuildPhase section */

/* Begin PBXSourcesBuildPhase section */
		5DD494D821E10AAC002D0614 /* Sources */ = {
			isa = PBXSourcesBuildPhase;
			buildActionMask = 2147483647;
			files = (
				5DD4950E21E16366002D0614 /* StringTableViewCell.swift in Sources */,
				5D9BF1D721E5D5C1002E386B /* MapView.swift in Sources */,
				5DD4953721E175EA002D0614 /* ImagePresenter.swift in Sources */,
				5DD4952B21E16BCA002D0614 /* StringModel.swift in Sources */,
				5D398F7C21EB468F009800EB /* String+Convert.swift in Sources */,
				5DD4951221E16388002D0614 /* ButtonTableViewCell.swift in Sources */,
				5DD494E221E10AAC002D0614 /* MainView.swift in Sources */,
				5DD494FB21E142AD002D0614 /* MainPresenter.swift in Sources */,
				5D9BF1D921E5D5CF002E386B /* MapPresenter.swift in Sources */,
				5DD494FD21E142B9002D0614 /* MainModel.swift in Sources */,
				5DD494F821E129D2002D0614 /* NetworkManager.swift in Sources */,
				5DD4952D21E16DDB002D0614 /* CellProtocols.swift in Sources */,
				5DD4951F21E16B6D002D0614 /* ButtonModel.swift in Sources */,
				5DD4952721E16BB6002D0614 /* BoolModel.swift in Sources */,
				5D9BF1DB21E5D5DB002E386B /* MapModel.swift in Sources */,
				5DD4950B21E14D49002D0614 /* MainProtocols.swift in Sources */,
				5DD4951021E1637E002D0614 /* BoolTableViewCell.swift in Sources */,
				5D9BF1D521E5D5AA002E386B /* MapProtocols.swift in Sources */,
				5DD4953921E17601002D0614 /* BoolPresenter.swift in Sources */,
				5DD4953D21E17CAA002D0614 /* Section.swift in Sources */,
				5DD4953521E1743C002D0614 /* ButtonPresenter.swift in Sources */,
				5DD4951421E163CD002D0614 /* ImageTableViewCell.swift in Sources */,
				5DD494E021E10AAC002D0614 /* AppDelegate.swift in Sources */,
				5DD494F321E10BEA002D0614 /* Product.swift in Sources */,
				5DD4953B21E17621002D0614 /* StringPresenter.swift in Sources */,
				5DD4952321E16B98002D0614 /* ImageModel.swift in Sources */,
			);
			runOnlyForDeploymentPostprocessing = 0;
		};
/* End PBXSourcesBuildPhase section */

/* Begin PBXVariantGroup section */
		5DD494E321E10AAC002D0614 /* Main.storyboard */ = {
			isa = PBXVariantGroup;
			children = (
				5DD494E421E10AAC002D0614 /* Base */,
			);
			name = Main.storyboard;
			sourceTree = "<group>";
		};
		5DD494E821E10AAF002D0614 /* LaunchScreen.storyboard */ = {
			isa = PBXVariantGroup;
			children = (
				5DD494E921E10AAF002D0614 /* Base */,
			);
			name = LaunchScreen.storyboard;
			sourceTree = "<group>";
		};
/* End PBXVariantGroup section */

/* Begin XCBuildConfiguration section */
		5DD494EC21E10AAF002D0614 /* Debug */ = {
			isa = XCBuildConfiguration;
			buildSettings = {
				ALWAYS_SEARCH_USER_PATHS = NO;
				CLANG_ANALYZER_NONNULL = YES;
				CLANG_ANALYZER_NUMBER_OBJECT_CONVERSION = YES_AGGRESSIVE;
				CLANG_CXX_LANGUAGE_STANDARD = "gnu++14";
				CLANG_CXX_LIBRARY = "libc++";
				CLANG_ENABLE_MODULES = YES;
				CLANG_ENABLE_OBJC_ARC = YES;
				CLANG_ENABLE_OBJC_WEAK = YES;
				CLANG_WARN_BLOCK_CAPTURE_AUTORELEASING = YES;
				CLANG_WARN_BOOL_CONVERSION = YES;
				CLANG_WARN_COMMA = YES;
				CLANG_WARN_CONSTANT_CONVERSION = YES;
				CLANG_WARN_DEPRECATED_OBJC_IMPLEMENTATIONS = YES;
				CLANG_WARN_DIRECT_OBJC_ISA_USAGE = YES_ERROR;
				CLANG_WARN_DOCUMENTATION_COMMENTS = YES;
				CLANG_WARN_EMPTY_BODY = YES;
				CLANG_WARN_ENUM_CONVERSION = YES;
				CLANG_WARN_INFINITE_RECURSION = YES;
				CLANG_WARN_INT_CONVERSION = YES;
				CLANG_WARN_NON_LITERAL_NULL_CONVERSION = YES;
				CLANG_WARN_OBJC_IMPLICIT_RETAIN_SELF = YES;
				CLANG_WARN_OBJC_LITERAL_CONVERSION = YES;
				CLANG_WARN_OBJC_ROOT_CLASS = YES_ERROR;
				CLANG_WARN_RANGE_LOOP_ANALYSIS = YES;
				CLANG_WARN_STRICT_PROTOTYPES = YES;
				CLANG_WARN_SUSPICIOUS_MOVE = YES;
				CLANG_WARN_UNGUARDED_AVAILABILITY = YES_AGGRESSIVE;
				CLANG_WARN_UNREACHABLE_CODE = YES;
				CLANG_WARN__DUPLICATE_METHOD_MATCH = YES;
				CODE_SIGN_IDENTITY = "iPhone Developer";
				COPY_PHASE_STRIP = NO;
				DEBUG_INFORMATION_FORMAT = dwarf;
				ENABLE_STRICT_OBJC_MSGSEND = YES;
				ENABLE_TESTABILITY = YES;
				GCC_C_LANGUAGE_STANDARD = gnu11;
				GCC_DYNAMIC_NO_PIC = NO;
				GCC_NO_COMMON_BLOCKS = YES;
				GCC_OPTIMIZATION_LEVEL = 0;
				GCC_PREPROCESSOR_DEFINITIONS = (
					"DEBUG=1",
					"$(inherited)",
				);
				GCC_WARN_64_TO_32_BIT_CONVERSION = YES;
				GCC_WARN_ABOUT_RETURN_TYPE = YES_ERROR;
				GCC_WARN_UNDECLARED_SELECTOR = YES;
				GCC_WARN_UNINITIALIZED_AUTOS = YES_AGGRESSIVE;
				GCC_WARN_UNUSED_FUNCTION = YES;
				GCC_WARN_UNUSED_VARIABLE = YES;
				IPHONEOS_DEPLOYMENT_TARGET = 12.1;
				MTL_ENABLE_DEBUG_INFO = INCLUDE_SOURCE;
				MTL_FAST_MATH = YES;
				ONLY_ACTIVE_ARCH = YES;
				SDKROOT = iphoneos;
				SWIFT_ACTIVE_COMPILATION_CONDITIONS = DEBUG;
				SWIFT_OPTIMIZATION_LEVEL = "-Onone";
			};
			name = Debug;
		};
		5DD494ED21E10AAF002D0614 /* Release */ = {
			isa = XCBuildConfiguration;
			buildSettings = {
				ALWAYS_SEARCH_USER_PATHS = NO;
				CLANG_ANALYZER_NONNULL = YES;
				CLANG_ANALYZER_NUMBER_OBJECT_CONVERSION = YES_AGGRESSIVE;
				CLANG_CXX_LANGUAGE_STANDARD = "gnu++14";
				CLANG_CXX_LIBRARY = "libc++";
				CLANG_ENABLE_MODULES = YES;
				CLANG_ENABLE_OBJC_ARC = YES;
				CLANG_ENABLE_OBJC_WEAK = YES;
				CLANG_WARN_BLOCK_CAPTURE_AUTORELEASING = YES;
				CLANG_WARN_BOOL_CONVERSION = YES;
				CLANG_WARN_COMMA = YES;
				CLANG_WARN_CONSTANT_CONVERSION = YES;
				CLANG_WARN_DEPRECATED_OBJC_IMPLEMENTATIONS = YES;
				CLANG_WARN_DIRECT_OBJC_ISA_USAGE = YES_ERROR;
				CLANG_WARN_DOCUMENTATION_COMMENTS = YES;
				CLANG_WARN_EMPTY_BODY = YES;
				CLANG_WARN_ENUM_CONVERSION = YES;
				CLANG_WARN_INFINITE_RECURSION = YES;
				CLANG_WARN_INT_CONVERSION = YES;
				CLANG_WARN_NON_LITERAL_NULL_CONVERSION = YES;
				CLANG_WARN_OBJC_IMPLICIT_RETAIN_SELF = YES;
				CLANG_WARN_OBJC_LITERAL_CONVERSION = YES;
				CLANG_WARN_OBJC_ROOT_CLASS = YES_ERROR;
				CLANG_WARN_RANGE_LOOP_ANALYSIS = YES;
				CLANG_WARN_STRICT_PROTOTYPES = YES;
				CLANG_WARN_SUSPICIOUS_MOVE = YES;
				CLANG_WARN_UNGUARDED_AVAILABILITY = YES_AGGRESSIVE;
				CLANG_WARN_UNREACHABLE_CODE = YES;
				CLANG_WARN__DUPLICATE_METHOD_MATCH = YES;
				CODE_SIGN_IDENTITY = "iPhone Developer";
				COPY_PHASE_STRIP = NO;
				DEBUG_INFORMATION_FORMAT = "dwarf-with-dsym";
				ENABLE_NS_ASSERTIONS = NO;
				ENABLE_STRICT_OBJC_MSGSEND = YES;
				GCC_C_LANGUAGE_STANDARD = gnu11;
				GCC_NO_COMMON_BLOCKS = YES;
				GCC_WARN_64_TO_32_BIT_CONVERSION = YES;
				GCC_WARN_ABOUT_RETURN_TYPE = YES_ERROR;
				GCC_WARN_UNDECLARED_SELECTOR = YES;
				GCC_WARN_UNINITIALIZED_AUTOS = YES_AGGRESSIVE;
				GCC_WARN_UNUSED_FUNCTION = YES;
				GCC_WARN_UNUSED_VARIABLE = YES;
				IPHONEOS_DEPLOYMENT_TARGET = 12.1;
				MTL_ENABLE_DEBUG_INFO = NO;
				MTL_FAST_MATH = YES;
				SDKROOT = iphoneos;
				SWIFT_COMPILATION_MODE = wholemodule;
				SWIFT_OPTIMIZATION_LEVEL = "-O";
				VALIDATE_PRODUCT = YES;
			};
			name = Release;
		};
		5DD494EF21E10AAF002D0614 /* Debug */ = {
			isa = XCBuildConfiguration;
			buildSettings = {
				ASSETCATALOG_COMPILER_APPICON_NAME = AppIcon;
				CODE_SIGN_STYLE = Automatic;
				DEVELOPMENT_TEAM = 4F39V7T93L;
				INFOPLIST_FILE = testApplication/Info.plist;
				LD_RUNPATH_SEARCH_PATHS = (
					"$(inherited)",
					"@executable_path/Frameworks",
				);
				PRODUCT_BUNDLE_IDENTIFIER = varya.testApplication;
				PRODUCT_NAME = "$(TARGET_NAME)";
				SWIFT_VERSION = 4.2;
				TARGETED_DEVICE_FAMILY = "1,2";
			};
			name = Debug;
		};
		5DD494F021E10AAF002D0614 /* Release */ = {
			isa = XCBuildConfiguration;
			buildSettings = {
				ASSETCATALOG_COMPILER_APPICON_NAME = AppIcon;
				CODE_SIGN_STYLE = Automatic;
				DEVELOPMENT_TEAM = 4F39V7T93L;
				INFOPLIST_FILE = testApplication/Info.plist;
				LD_RUNPATH_SEARCH_PATHS = (
					"$(inherited)",
					"@executable_path/Frameworks",
				);
				PRODUCT_BUNDLE_IDENTIFIER = varya.testApplication;
				PRODUCT_NAME = "$(TARGET_NAME)";
				SWIFT_VERSION = 4.2;
				TARGETED_DEVICE_FAMILY = "1,2";
			};
			name = Release;
		};
/* End XCBuildConfiguration section */

/* Begin XCConfigurationList section */
		5DD494D721E10AAC002D0614 /* Build configuration list for PBXProject "testApplication" */ = {
			isa = XCConfigurationList;
			buildConfigurations = (
				5DD494EC21E10AAF002D0614 /* Debug */,
				5DD494ED21E10AAF002D0614 /* Release */,
			);
			defaultConfigurationIsVisible = 0;
			defaultConfigurationName = Release;
		};
		5DD494EE21E10AAF002D0614 /* Build configuration list for PBXNativeTarget "testApplication" */ = {
			isa = XCConfigurationList;
			buildConfigurations = (
				5DD494EF21E10AAF002D0614 /* Debug */,
				5DD494F021E10AAF002D0614 /* Release */,
			);
			defaultConfigurationIsVisible = 0;
			defaultConfigurationName = Release;
		};
/* End XCConfigurationList section */
	};
	rootObject = 5DD494D421E10AAC002D0614 /* Project object */;
}
